
Microsoft Visual Studio Solution File, Format Version 12.00
# Visual Studio Version 17
VisualStudioVersion = 17.7.34031.279
MinimumVisualStudioVersion = 10.0.40219.1
Project("{FAE04EC0-301F-11D3-BF4B-00C04F79EFBC}") = "TodoList", "TodoList\TodoList.csproj", "{A31F9830-439A-4EA8-A2E3-EC35D4A41258}"
EndProject
Global
	GlobalSection(SolutionConfigurationPlatforms) = preSolution
		Debug|Any CPU = Debug|Any CPU
		Release|Any CPU = Release|Any CPU
	EndGlobalSection
	GlobalSection(ProjectConfigurationPlatforms) = postSolution
		{A31F9830-439A-4EA8-A2E3-EC35D4A41258}.Debug|Any CPU.ActiveCfg = Debug|Any CPU
		{A31F9830-439A-4EA8-A2E3-EC35D4A41258}.Debug|Any CPU.Build.0 = Debug|Any CPU
		{A31F9830-439A-4EA8-A2E3-EC35D4A41258}.Release|Any CPU.ActiveCfg = Release|Any CPU
		{A31F9830-439A-4EA8-A2E3-EC35D4A41258}.Release|Any CPU.Build.0 = Release|Any CPU
	EndGlobalSection
	GlobalSection(SolutionProperties) = preSolution
		HideSolutionNode = FALSE
	EndGlobalSection
	GlobalSection(ExtensibilityGlobals) = postSolution
		SolutionGuid = {0A9233F0-9AA2-4EFB-B8CF-A37C75AB2747}
	EndGlobalSection
EndGlobal
